
Microsoft Visual Studio Solution File, Format Version 12.00
# Visual Studio Version 17
VisualStudioVersion = 17.3.32929.385
MinimumVisualStudioVersion = 10.0.40219.1
Project("{8BC9CEB8-8B4A-11D0-8D11-00A0C91BC942}") = "lab6.2.2", "lab6.2.2\lab6.2.2.vcxproj", "{9CDB13F2-5338-4BE6-8DD7-53918AB6238D}"
EndProject
Project("{8BC9CEB8-8B4A-11D0-8D11-00A0C91BC942}") = "UnitTest6.2.2", "UnitTest6.2.2\UnitTest6.2.2.vcxproj", "{BC44EDE3-CA4E-4C3D-9D1C-A81FD6070F1C}"
EndProject
Global
	GlobalSection(SolutionConfigurationPlatforms) = preSolution
		Debug|x64 = Debug|x64
		Debug|x86 = Debug|x86
		Release|x64 = Release|x64
		Release|x86 = Release|x86
	EndGlobalSection
	GlobalSection(ProjectConfigurationPlatforms) = postSolution
		{9CDB13F2-5338-4BE6-8DD7-53918AB6238D}.Debug|x64.ActiveCfg = Debug|x64
		{9CDB13F2-5338-4BE6-8DD7-53918AB6238D}.Debug|x64.Build.0 = Debug|x64
		{9CDB13F2-5338-4BE6-8DD7-53918AB6238D}.Debug|x86.ActiveCfg = Debug|Win32
		{9CDB13F2-5338-4BE6-8DD7-53918AB6238D}.Debug|x86.Build.0 = Debug|Win32
		{9CDB13F2-5338-4BE6-8DD7-53918AB6238D}.Release|x64.ActiveCfg = Release|x64
		{9CDB13F2-5338-4BE6-8DD7-53918AB6238D}.Release|x64.Build.0 = Release|x64
		{9CDB13F2-5338-4BE6-8DD7-53918AB6238D}.Release|x86.ActiveCfg = Release|Win32
		{9CDB13F2-5338-4BE6-8DD7-53918AB6238D}.Release|x86.Build.0 = Release|Win32
		{BC44EDE3-CA4E-4C3D-9D1C-A81FD6070F1C}.Debug|x64.ActiveCfg = Debug|x64
		{BC44EDE3-CA4E-4C3D-9D1C-A81FD6070F1C}.Debug|x64.Build.0 = Debug|x64
		{BC44EDE3-CA4E-4C3D-9D1C-A81FD6070F1C}.Debug|x86.ActiveCfg = Debug|Win32
		{BC44EDE3-CA4E-4C3D-9D1C-A81FD6070F1C}.Debug|x86.Build.0 = Debug|Win32
		{BC44EDE3-CA4E-4C3D-9D1C-A81FD6070F1C}.Release|x64.ActiveCfg = Release|x64
		{BC44EDE3-CA4E-4C3D-9D1C-A81FD6070F1C}.Release|x64.Build.0 = Release|x64
		{BC44EDE3-CA4E-4C3D-9D1C-A81FD6070F1C}.Release|x86.ActiveCfg = Release|Win32
		{BC44EDE3-CA4E-4C3D-9D1C-A81FD6070F1C}.Release|x86.Build.0 = Release|Win32
	EndGlobalSection
	GlobalSection(SolutionProperties) = preSolution
		HideSolutionNode = FALSE
	EndGlobalSection
	GlobalSection(ExtensibilityGlobals) = postSolution
		SolutionGuid = {65261247-D062-414F-8750-D5C79A7C9DDA}
	EndGlobalSection
EndGlobal
